{
  "requires": true,
  "lockfileVersion": 1,
  "dependencies": {
    "kyanite": {
      "version": "0.8.2",
      "resolved": "https://registry.npmjs.org/kyanite/-/kyanite-0.8.2.tgz",
      "integrity": "sha512-IGGAp3+h3Is6nKuChTVqOmE0hhGSZHQ6F2l8xJdD9Iu3Y0A+EGkBs/fxw3uhYquPTcpdPgudFeqm8NYebj1PbQ=="
    }
  }
}
